
Microsoft Visual Studio Solution File, Format Version 12.00
# Visual Studio Version 17
VisualStudioVersion = 17.9.34607.119
MinimumVisualStudioVersion = 10.0.40219.1
Project("{FAE04EC0-301F-11D3-BF4B-00C04F79EFBC}") = "quizz.json8", "quizz.json8\quizz.json8.csproj", "{C1387331-9E17-42D1-A85E-193F192211B3}"
EndProject
Global
	GlobalSection(SolutionConfigurationPlatforms) = preSolution
		Debug|Any CPU = Debug|Any CPU
		Release|Any CPU = Release|Any CPU
	EndGlobalSection
	GlobalSection(ProjectConfigurationPlatforms) = postSolution
		{C1387331-9E17-42D1-A85E-193F192211B3}.Debug|Any CPU.ActiveCfg = Debug|Any CPU
		{C1387331-9E17-42D1-A85E-193F192211B3}.Debug|Any CPU.Build.0 = Debug|Any CPU
		{C1387331-9E17-42D1-A85E-193F192211B3}.Release|Any CPU.ActiveCfg = Release|Any CPU
		{C1387331-9E17-42D1-A85E-193F192211B3}.Release|Any CPU.Build.0 = Release|Any CPU
	EndGlobalSection
	GlobalSection(SolutionProperties) = preSolution
		HideSolutionNode = FALSE
	EndGlobalSection
	GlobalSection(ExtensibilityGlobals) = postSolution
		SolutionGuid = {4E34E9A6-0888-4789-AEAC-B1CF002C1366}
	EndGlobalSection
EndGlobal
